
Microsoft Visual Studio Solution File, Format Version 12.00
# Visual Studio Version 17
VisualStudioVersion = 17.2.32526.322
MinimumVisualStudioVersion = 10.0.40219.1
Project("{9A19103F-16F7-4668-BE54-9A1E7A4F7556}") = "Abloom", "Abloom\Abloom.csproj", "{D46A8066-BE87-4A2B-926C-D6EFF9CCD3D8}"
EndProject
Project("{FAE04EC0-301F-11D3-BF4B-00C04F79EFBC}") = "AbloomWorkingNode", "AbloomWorkingNode\AbloomWorkingNode.csproj", "{F9CD1E40-E9DA-4D0B-8EA0-B94417473392}"
EndProject
Global
	GlobalSection(SolutionConfigurationPlatforms) = preSolution
		Debug|Any CPU = Debug|Any CPU
		Release|Any CPU = Release|Any CPU
	EndGlobalSection
	GlobalSection(ProjectConfigurationPlatforms) = postSolution
		{D46A8066-BE87-4A2B-926C-D6EFF9CCD3D8}.Debug|Any CPU.ActiveCfg = Debug|Any CPU
		{D46A8066-BE87-4A2B-926C-D6EFF9CCD3D8}.Debug|Any CPU.Build.0 = Debug|Any CPU
		{D46A8066-BE87-4A2B-926C-D6EFF9CCD3D8}.Release|Any CPU.ActiveCfg = Release|Any CPU
		{D46A8066-BE87-4A2B-926C-D6EFF9CCD3D8}.Release|Any CPU.Build.0 = Release|Any CPU
		{F9CD1E40-E9DA-4D0B-8EA0-B94417473392}.Debug|Any CPU.ActiveCfg = Debug|Any CPU
		{F9CD1E40-E9DA-4D0B-8EA0-B94417473392}.Debug|Any CPU.Build.0 = Debug|Any CPU
		{F9CD1E40-E9DA-4D0B-8EA0-B94417473392}.Release|Any CPU.ActiveCfg = Release|Any CPU
		{F9CD1E40-E9DA-4D0B-8EA0-B94417473392}.Release|Any CPU.Build.0 = Release|Any CPU
	EndGlobalSection
	GlobalSection(SolutionProperties) = preSolution
		HideSolutionNode = FALSE
	EndGlobalSection
	GlobalSection(ExtensibilityGlobals) = postSolution
		SolutionGuid = {9DE0DA17-B4E4-4328-B1F1-3FD10BB1E8F1}
	EndGlobalSection
EndGlobal
